
Microsoft Visual Studio Solution File, Format Version 12.00
Project("{FAE04EC0-301F-11D3-BF4B-00C04F79EFBC}") = "FakeWeb", "FakeWeb\FakeWeb.csproj", "{F58E2694-6D8C-48CF-86F7-BDED72E28179}"
EndProject
Project("{FAE04EC0-301F-11D3-BF4B-00C04F79EFBC}") = "CoreWebCommon", "CoreWebCommon\CoreWebCommon.csproj", "{711C4519-8882-480B-A38B-8C98E73093B3}"
EndProject
Project("{FAE04EC0-301F-11D3-BF4B-00C04F79EFBC}") = "CoreLogic", "CoreLogic\CoreLogic.csproj", "{0AD5E063-1F52-4116-82C0-A1DB2389602B}"
EndProject
Project("{FAE04EC0-301F-11D3-BF4B-00C04F79EFBC}") = "CoreDAL", "CoreDAL\CoreDAL.csproj", "{80C6F8E4-1337-437A-82FF-D6ED778FE246}"
EndProject
Global
	GlobalSection(SolutionConfigurationPlatforms) = preSolution
		Debug|Any CPU = Debug|Any CPU
		Release|Any CPU = Release|Any CPU
	EndGlobalSection
	GlobalSection(ProjectConfigurationPlatforms) = postSolution
		{F58E2694-6D8C-48CF-86F7-BDED72E28179}.Debug|Any CPU.ActiveCfg = Debug|Any CPU
		{F58E2694-6D8C-48CF-86F7-BDED72E28179}.Debug|Any CPU.Build.0 = Debug|Any CPU
		{F58E2694-6D8C-48CF-86F7-BDED72E28179}.Release|Any CPU.ActiveCfg = Release|Any CPU
		{F58E2694-6D8C-48CF-86F7-BDED72E28179}.Release|Any CPU.Build.0 = Release|Any CPU
		{711C4519-8882-480B-A38B-8C98E73093B3}.Debug|Any CPU.ActiveCfg = Debug|Any CPU
		{711C4519-8882-480B-A38B-8C98E73093B3}.Debug|Any CPU.Build.0 = Debug|Any CPU
		{711C4519-8882-480B-A38B-8C98E73093B3}.Release|Any CPU.ActiveCfg = Release|Any CPU
		{711C4519-8882-480B-A38B-8C98E73093B3}.Release|Any CPU.Build.0 = Release|Any CPU
		{0AD5E063-1F52-4116-82C0-A1DB2389602B}.Debug|Any CPU.ActiveCfg = Debug|Any CPU
		{0AD5E063-1F52-4116-82C0-A1DB2389602B}.Debug|Any CPU.Build.0 = Debug|Any CPU
		{0AD5E063-1F52-4116-82C0-A1DB2389602B}.Release|Any CPU.ActiveCfg = Release|Any CPU
		{0AD5E063-1F52-4116-82C0-A1DB2389602B}.Release|Any CPU.Build.0 = Release|Any CPU
		{80C6F8E4-1337-437A-82FF-D6ED778FE246}.Debug|Any CPU.ActiveCfg = Debug|Any CPU
		{80C6F8E4-1337-437A-82FF-D6ED778FE246}.Debug|Any CPU.Build.0 = Debug|Any CPU
		{80C6F8E4-1337-437A-82FF-D6ED778FE246}.Release|Any CPU.ActiveCfg = Release|Any CPU
		{80C6F8E4-1337-437A-82FF-D6ED778FE246}.Release|Any CPU.Build.0 = Release|Any CPU
	EndGlobalSection
EndGlobal
